dependencies:
- name: common
  repository: https://charts.bitnami.com/bitnami
  version: 2.19.1
- name: nginx-ingress-controller
  repository: https://raw.githubusercontent.com/bitnami/charts/eb5f9a9513d987b519f0ecd732e7031241c50328/bitnami
  version: 7.4.8
- name: mongodb
  repository: https://raw.githubusercontent.com/bitnami/charts/eb5f9a9513d987b519f0ecd732e7031241c50328/bitnami
  version: 10.30.6
- name: rabbitmq
  repository: https://charts.bitnami.com/bitnami
  version: 10.3.9
- name: redis
  repository: https://charts.bitnami.com/bitnami
  version: 16.13.2
digest: sha256:4ecf8bbd0883c364d6c73d72db9f6a3151e55a38c3a143d928add908239221fc
generated: "2024-09-10T14:54:38.218662838+08:00"
